// !$*UTF8*$!
{
	archiveVersion = 1;
	classes = {
	};
	objectVersion = 56;
	objects = {

/* Begin PBXBuildFile section */
		403CD3D12B7CF40A00E511FF /* WidgetKit.framework in Frameworks */ = {isa = PBXBuildFile; fileRef = 403CD3D02B7CF40A00E511FF /* WidgetKit.framework */; };
		403CD3D32B7CF40A00E511FF /* SwiftUI.framework in Frameworks */ = {isa = PBXBuildFile; fileRef = 403CD3D22B7CF40A00E511FF /* SwiftUI.framework */; };
		403CD3D62B7CF40A00E511FF /* OpenWebAppsWidgetBundle.swift in Sources */ = {isa = PBXBuildFile; fileRef = 403CD3D52B7CF40A00E511FF /* OpenWebAppsWidgetBundle.swift */; };
		403CD3DA2B7CF40A00E511FF /* OpenWebAppsWidget.swift in Sources */ = {isa = PBXBuildFile; fileRef = 403CD3D92B7CF40A00E511FF /* OpenWebAppsWidget.swift */; };
		403CD3DC2B7CF40A00E511FF /* AppIntent.swift in Sources */ = {isa = PBXBuildFile; fileRef = 403CD3DB2B7CF40A00E511FF /* AppIntent.swift */; };
		403CD3DE2B7CF40B00E511FF /* Assets.xcassets in Resources */ = {isa = PBXBuildFile; fileRef = 403CD3DD2B7CF40B00E511FF /* Assets.xcassets */; };
		403CD3E22B7CF40B00E511FF /* OpenWebAppsWidgetExtension.appex in Embed Foundation Extensions */ = {isa = PBXBuildFile; fileRef = 403CD3CF2B7CF40A00E511FF /* OpenWebAppsWidgetExtension.appex */; settings = {ATTRIBUTES = (RemoveHeadersOnCopy, ); }; };
		409887AB2B7BBE5300848253 /* WebAppifyApp.swift in Sources */ = {isa = PBXBuildFile; fileRef = 409887AA2B7BBE5300848253 /* WebAppifyApp.swift */; };
		409887AD2B7BBE5300848253 /* ContentView.swift in Sources */ = {isa = PBXBuildFile; fileRef = 409887AC2B7BBE5300848253 /* ContentView.swift */; };
		409887AF2B7BBE5600848253 /* Assets.xcassets in Resources */ = {isa = PBXBuildFile; fileRef = 409887AE2B7BBE5600848253 /* Assets.xcassets */; };
		409887B22B7BBE5600848253 /* Preview Assets.xcassets in Resources */ = {isa = PBXBuildFile; fileRef = 409887B12B7BBE5600848253 /* Preview Assets.xcassets */; };
		409887BC2B7BBE5600848253 /* WebAppifyTests.swift in Sources */ = {isa = PBXBuildFile; fileRef = 409887BB2B7BBE5600848253 /* WebAppifyTests.swift */; };
		409887C62B7BBE5600848253 /* WebAppifyUITests.swift in Sources */ = {isa = PBXBuildFile; fileRef = 409887C52B7BBE5600848253 /* WebAppifyUITests.swift */; };
		409887C82B7BBE5600848253 /* WebAppifyUITestsLaunchTests.swift in Sources */ = {isa = PBXBuildFile; fileRef = 409887C72B7BBE5600848253 /* WebAppifyUITestsLaunchTests.swift */; };
		409887D52B7BBF1700848253 /* WebView.swift in Sources */ = {isa = PBXBuildFile; fileRef = 409887D42B7BBF1700848253 /* WebView.swift */; };
		409887D82B7BCC5100848253 /* WebData.swift in Sources */ = {isa = PBXBuildFile; fileRef = 409887D72B7BCC5100848253 /* WebData.swift */; };
		409887F32B7C12A900848253 /* ShareViewController.swift in Sources */ = {isa = PBXBuildFile; fileRef = 409887F22B7C12A900848253 /* ShareViewController.swift */; };
		409887FA2B7C12A900848253 /* AddToWebAppify.appex in Embed Foundation Extensions */ = {isa = PBXBuildFile; fileRef = 409887F02B7C12A900848253 /* AddToWebAppify.appex */; settings = {ATTRIBUTES = (RemoveHeadersOnCopy, ); }; };
		409887FF2B7C164500848253 /* AddToWebAppifyView.swift in Sources */ = {isa = PBXBuildFile; fileRef = 409887FE2B7C164500848253 /* AddToWebAppifyView.swift */; };
		40E2DCE72B7E6FEF0000D757 /* ListWebsitesView.swift in Sources */ = {isa = PBXBuildFile; fileRef = 40E2DCE62B7E6FEF0000D757 /* ListWebsitesView.swift */; };
		40E2DCEA2B7E703C0000D757 /* WebsiteEntry.swift in Sources */ = {isa = PBXBuildFile; fileRef = 40E2DCE92B7E703C0000D757 /* WebsiteEntry.swift */; };
		40E2DCEC2B7E722B0000D757 /* ArrayExtension.swift in Sources */ = {isa = PBXBuildFile; fileRef = 40E2DCEB2B7E722B0000D757 /* ArrayExtension.swift */; };
		40E2DCF12B7EAB5D0000D757 /* NetworkImage.swift in Sources */ = {isa = PBXBuildFile; fileRef = 40E2DCF02B7EAB5D0000D757 /* NetworkImage.swift */; };
		40E2DCF42B7F99FA0000D757 /* FaviconFinder in Frameworks */ = {isa = PBXBuildFile; productRef = 40E2DCF32B7F99FA0000D757 /* FaviconFinder */; };
/* End PBXBuildFile section */

/* Begin PBXContainerItemProxy section */
		403CD3E02B7CF40B00E511FF /* PBXContainerItemProxy */ = {
			isa = PBXContainerItemProxy;
			containerPortal = 4098879F2B7BBE5300848253 /* Project object */;
			proxyType = 1;
			remoteGlobalIDString = 403CD3CE2B7CF40A00E511FF;
			remoteInfo = OpenWebAppsWidgetExtension;
		};
		409887B82B7BBE5600848253 /* PBXContainerItemProxy */ = {
			isa = PBXContainerItemProxy;
			containerPortal = 4098879F2B7BBE5300848253 /* Project object */;
			proxyType = 1;
			remoteGlobalIDString = 409887A62B7BBE5300848253;
			remoteInfo = WebAppify;
		};
		409887C22B7BBE5600848253 /* PBXContainerItemProxy */ = {
			isa = PBXContainerItemProxy;
			containerPortal = 4098879F2B7BBE5300848253 /* Project object */;
			proxyType = 1;
			remoteGlobalIDString = 409887A62B7BBE5300848253;
			remoteInfo = WebAppify;
		};
		409887F82B7C12A900848253 /* PBXContainerItemProxy */ = {
			isa = PBXContainerItemProxy;
			containerPortal = 4098879F2B7BBE5300848253 /* Project object */;
			proxyType = 1;
			remoteGlobalIDString = 409887EF2B7C12A900848253;
			remoteInfo = AddToWebAppify;
		};
/* End PBXContainerItemProxy section */

/* Begin PBXCopyFilesBuildPhase section */
		409887EB2B7C0FA500848253 /* Embed Foundation Extensions */ = {
			isa = PBXCopyFilesBuildPhase;
			buildActionMask = 2147483647;
			dstPath = "";
			dstSubfolderSpec = 13;
			files = (
				403CD3E22B7CF40B00E511FF /* OpenWebAppsWidgetExtension.appex in Embed Foundation Extensions */,
				409887FA2B7C12A900848253 /* AddToWebAppify.appex in Embed Foundation Extensions */,
			);
			name = "Embed Foundation Extensions";
			runOnlyForDeploymentPostprocessing = 0;
		};
/* End PBXCopyFilesBuildPhase section */

/* Begin PBXFileReference section */
		403CD3B82B7C1EB100E511FF /* UniformTypeIdentifiers.framework */ = {isa = PBXFileReference; lastKnownFileType = wrapper.framework; name = UniformTypeIdentifiers.framework; path = System/Library/Frameworks/UniformTypeIdentifiers.framework; sourceTree = SDKROOT; };
		403CD3CF2B7CF40A00E511FF /* OpenWebAppsWidgetExtension.appex */ = {isa = PBXFileReference; explicitFileType = "wrapper.app-extension"; includeInIndex = 0; path = OpenWebAppsWidgetExtension.appex; sourceTree = BUILT_PRODUCTS_DIR; };
		403CD3D02B7CF40A00E511FF /* WidgetKit.framework */ = {isa = PBXFileReference; lastKnownFileType = wrapper.framework; name = WidgetKit.framework; path = System/Library/Frameworks/WidgetKit.framework; sourceTree = SDKROOT; };
		403CD3D22B7CF40A00E511FF /* SwiftUI.framework */ = {isa = PBXFileReference; lastKnownFileType = wrapper.framework; name = SwiftUI.framework; path = System/Library/Frameworks/SwiftUI.framework; sourceTree = SDKROOT; };
		403CD3D52B7CF40A00E511FF /* OpenWebAppsWidgetBundle.swift */ = {isa = PBXFileReference; lastKnownFileType = sourcecode.swift; path = OpenWebAppsWidgetBundle.swift; sourceTree = "<group>"; };
		403CD3D92B7CF40A00E511FF /* OpenWebAppsWidget.swift */ = {isa = PBXFileReference; lastKnownFileType = sourcecode.swift; path = OpenWebAppsWidget.swift; sourceTree = "<group>"; };
		403CD3DB2B7CF40A00E511FF /* AppIntent.swift */ = {isa = PBXFileReference; lastKnownFileType = sourcecode.swift; path = AppIntent.swift; sourceTree = "<group>"; };
		403CD3DD2B7CF40B00E511FF /* Assets.xcassets */ = {isa = PBXFileReference; lastKnownFileType = folder.assetcatalog; path = Assets.xcassets; sourceTree = "<group>"; };
		403CD3DF2B7CF40B00E511FF /* Info.plist */ = {isa = PBXFileReference; lastKnownFileType = text.plist.xml; path = Info.plist; sourceTree = "<group>"; };
		403CD3FB2B7D3D8E00E511FF /* WebAppify copy-Info.plist */ = {isa = PBXFileReference; lastKnownFileType = text.plist.xml; name = "WebAppify copy-Info.plist"; path = "/Users/bk/WebAppify/WebAppify copy-Info.plist"; sourceTree = "<absolute>"; };
		409887A72B7BBE5300848253 /* WebAppify.app */ = {isa = PBXFileReference; explicitFileType = wrapper.application; includeInIndex = 0; path = WebAppify.app; sourceTree = BUILT_PRODUCTS_DIR; };
		409887AA2B7BBE5300848253 /* WebAppifyApp.swift */ = {isa = PBXFileReference; lastKnownFileType = sourcecode.swift; path = WebAppifyApp.swift; sourceTree = "<group>"; };
		409887AC2B7BBE5300848253 /* ContentView.swift */ = {isa = PBXFileReference; lastKnownFileType = sourcecode.swift; path = ContentView.swift; sourceTree = "<group>"; };
		409887AE2B7BBE5600848253 /* Assets.xcassets */ = {isa = PBXFileReference; lastKnownFileType = folder.assetcatalog; path = Assets.xcassets; sourceTree = "<group>"; };
		409887B12B7BBE5600848253 /* Preview Assets.xcassets */ = {isa = PBXFileReference; lastKnownFileType = folder.assetcatalog; path = "Preview Assets.xcassets"; sourceTree = "<group>"; };
		409887B72B7BBE5600848253 /* WebAppifyTests.xctest */ = {isa = PBXFileReference; explicitFileType = wrapper.cfbundle; includeInIndex = 0; path = WebAppifyTests.xctest; sourceTree = BUILT_PRODUCTS_DIR; };
		409887BB2B7BBE5600848253 /* WebAppifyTests.swift */ = {isa = PBXFileReference; lastKnownFileType = sourcecode.swift; path = WebAppifyTests.swift; sourceTree = "<group>"; };
		409887C12B7BBE5600848253 /* WebAppifyUITests.xctest */ = {isa = PBXFileReference; explicitFileType = wrapper.cfbundle; includeInIndex = 0; path = WebAppifyUITests.xctest; sourceTree = BUILT_PRODUCTS_DIR; };
		409887C52B7BBE5600848253 /* WebAppifyUITests.swift */ = {isa = PBXFileReference; lastKnownFileType = sourcecode.swift; path = WebAppifyUITests.swift; sourceTree = "<group>"; };
		409887C72B7BBE5600848253 /* WebAppifyUITestsLaunchTests.swift */ = {isa = PBXFileReference; lastKnownFileType = sourcecode.swift; path = WebAppifyUITestsLaunchTests.swift; sourceTree = "<group>"; };
		409887D42B7BBF1700848253 /* WebView.swift */ = {isa = PBXFileReference; lastKnownFileType = sourcecode.swift; path = WebView.swift; sourceTree = "<group>"; };
		409887D62B7BBF7D00848253 /* Info.plist */ = {isa = PBXFileReference; lastKnownFileType = text.plist; path = Info.plist; sourceTree = "<group>"; };
		409887D72B7BCC5100848253 /* WebData.swift */ = {isa = PBXFileReference; lastKnownFileType = sourcecode.swift; path = WebData.swift; sourceTree = "<group>"; };
		409887F02B7C12A900848253 /* AddToWebAppify.appex */ = {isa = PBXFileReference; explicitFileType = "wrapper.app-extension"; includeInIndex = 0; path = AddToWebAppify.appex; sourceTree = BUILT_PRODUCTS_DIR; };
		409887F22B7C12A900848253 /* ShareViewController.swift */ = {isa = PBXFileReference; lastKnownFileType = sourcecode.swift; path = ShareViewController.swift; sourceTree = "<group>"; };
		409887F72B7C12A900848253 /* Info.plist */ = {isa = PBXFileReference; lastKnownFileType = text.plist.xml; path = Info.plist; sourceTree = "<group>"; };
		409887FE2B7C164500848253 /* AddToWebAppifyView.swift */ = {isa = PBXFileReference; lastKnownFileType = sourcecode.swift; path = AddToWebAppifyView.swift; sourceTree = "<group>"; };
		40E2DCE62B7E6FEF0000D757 /* ListWebsitesView.swift */ = {isa = PBXFileReference; lastKnownFileType = sourcecode.swift; path = ListWebsitesView.swift; sourceTree = "<group>"; };
		40E2DCE92B7E703C0000D757 /* WebsiteEntry.swift */ = {isa = PBXFileReference; lastKnownFileType = sourcecode.swift; path = WebsiteEntry.swift; sourceTree = "<group>"; };
		40E2DCEB2B7E722B0000D757 /* ArrayExtension.swift */ = {isa = PBXFileReference; lastKnownFileType = sourcecode.swift; path = ArrayExtension.swift; sourceTree = "<group>"; };
		40E2DCF02B7EAB5D0000D757 /* NetworkImage.swift */ = {isa = PBXFileReference; lastKnownFileType = sourcecode.swift; path = NetworkImage.swift; sourceTree = "<group>"; };
/* End PBXFileReference section */

/* Begin PBXFrameworksBuildPhase section */
		403CD3CC2B7CF40A00E511FF /* Frameworks */ = {
			isa = PBXFrameworksBuildPhase;
			buildActionMask = 2147483647;
			files = (
				403CD3D32B7CF40A00E511FF /* SwiftUI.framework in Frameworks */,
				403CD3D12B7CF40A00E511FF /* WidgetKit.framework in Frameworks */,
			);
			runOnlyForDeploymentPostprocessing = 0;
		};
		409887A42B7BBE5300848253 /* Frameworks */ = {
			isa = PBXFrameworksBuildPhase;
			buildActionMask = 2147483647;
			files = (
				40E2DCF42B7F99FA0000D757 /* FaviconFinder in Frameworks */,
			);
			runOnlyForDeploymentPostprocessing = 0;
		};
		409887B42B7BBE5600848253 /* Frameworks */ = {
			isa = PBXFrameworksBuildPhase;
			buildActionMask = 2147483647;
			files = (
			);
			runOnlyForDeploymentPostprocessing = 0;
		};
		409887BE2B7BBE5600848253 /* Frameworks */ = {
			isa = PBXFrameworksBuildPhase;
			buildActionMask = 2147483647;
			files = (
			);
			runOnlyForDeploymentPostprocessing = 0;
		};
		409887ED2B7C12A900848253 /* Frameworks */ = {
			isa = PBXFrameworksBuildPhase;
			buildActionMask = 2147483647;
			files = (
			);
			runOnlyForDeploymentPostprocessing = 0;
		};
/* End PBXFrameworksBuildPhase section */

/* Begin PBXGroup section */
		403CD3B72B7C1EB100E511FF /* Frameworks */ = {
			isa = PBXGroup;
			children = (
				403CD3B82B7C1EB100E511FF /* UniformTypeIdentifiers.framework */,
				403CD3D02B7CF40A00E511FF /* WidgetKit.framework */,
				403CD3D22B7CF40A00E511FF /* SwiftUI.framework */,
			);
			name = Frameworks;
			sourceTree = "<group>";
		};
		403CD3D42B7CF40A00E511FF /* OpenWebAppsWidget */ = {
			isa = PBXGroup;
			children = (
				403CD3D52B7CF40A00E511FF /* OpenWebAppsWidgetBundle.swift */,
				403CD3D92B7CF40A00E511FF /* OpenWebAppsWidget.swift */,
				403CD3DB2B7CF40A00E511FF /* AppIntent.swift */,
				403CD3DD2B7CF40B00E511FF /* Assets.xcassets */,
				403CD3DF2B7CF40B00E511FF /* Info.plist */,
			);
			path = OpenWebAppsWidget;
			sourceTree = "<group>";
		};
		4098879E2B7BBE5300848253 = {
			isa = PBXGroup;
			children = (
				409887A92B7BBE5300848253 /* WebAppify */,
				409887BA2B7BBE5600848253 /* WebAppifyTests */,
				409887C42B7BBE5600848253 /* WebAppifyUITests */,
				409887F12B7C12A900848253 /* AddToWebAppify */,
				403CD3D42B7CF40A00E511FF /* OpenWebAppsWidget */,
				403CD3B72B7C1EB100E511FF /* Frameworks */,
				409887A82B7BBE5300848253 /* Products */,
				403CD3FB2B7D3D8E00E511FF /* WebAppify copy-Info.plist */,
			);
			sourceTree = "<group>";
		};
		409887A82B7BBE5300848253 /* Products */ = {
			isa = PBXGroup;
			children = (
				409887A72B7BBE5300848253 /* WebAppify.app */,
				409887B72B7BBE5600848253 /* WebAppifyTests.xctest */,
				409887C12B7BBE5600848253 /* WebAppifyUITests.xctest */,
				409887F02B7C12A900848253 /* AddToWebAppify.appex */,
				403CD3CF2B7CF40A00E511FF /* OpenWebAppsWidgetExtension.appex */,
			);
			name = Products;
			sourceTree = "<group>";
		};
		409887A92B7BBE5300848253 /* WebAppify */ = {
			isa = PBXGroup;
			children = (
				40E2DCE82B7E70310000D757 /* Helpers */,
				409887D62B7BBF7D00848253 /* Info.plist */,
				409887D42B7BBF1700848253 /* WebView.swift */,
				409887AA2B7BBE5300848253 /* WebAppifyApp.swift */,
				409887AC2B7BBE5300848253 /* ContentView.swift */,
				409887D72B7BCC5100848253 /* WebData.swift */,
				40E2DCE62B7E6FEF0000D757 /* ListWebsitesView.swift */,
				409887AE2B7BBE5600848253 /* Assets.xcassets */,
				409887B02B7BBE5600848253 /* Preview Content */,
			);
			path = WebAppify;
			sourceTree = "<group>";
		};
		409887B02B7BBE5600848253 /* Preview Content */ = {
			isa = PBXGroup;
			children = (
				409887B12B7BBE5600848253 /* Preview Assets.xcassets */,
			);
			path = "Preview Content";
			sourceTree = "<group>";
		};
		409887BA2B7BBE5600848253 /* WebAppifyTests */ = {
			isa = PBXGroup;
			children = (
				409887BB2B7BBE5600848253 /* WebAppifyTests.swift */,
			);
			path = WebAppifyTests;
			sourceTree = "<group>";
		};
		409887C42B7BBE5600848253 /* WebAppifyUITests */ = {
			isa = PBXGroup;
			children = (
				409887C52B7BBE5600848253 /* WebAppifyUITests.swift */,
				409887C72B7BBE5600848253 /* WebAppifyUITestsLaunchTests.swift */,
			);
			path = WebAppifyUITests;
			sourceTree = "<group>";
		};
		409887F12B7C12A900848253 /* AddToWebAppify */ = {
			isa = PBXGroup;
			children = (
				409887F22B7C12A900848253 /* ShareViewController.swift */,
				409887F72B7C12A900848253 /* Info.plist */,
				409887FE2B7C164500848253 /* AddToWebAppifyView.swift */,
			);
			path = AddToWebAppify;
			sourceTree = "<group>";
		};
		40E2DCE82B7E70310000D757 /* Helpers */ = {
			isa = PBXGroup;
			children = (
				40E2DCE92B7E703C0000D757 /* WebsiteEntry.swift */,
				40E2DCEB2B7E722B0000D757 /* ArrayExtension.swift */,
				40E2DCF02B7EAB5D0000D757 /* NetworkImage.swift */,
			);
			path = Helpers;
			sourceTree = "<group>";
		};
/* End PBXGroup section */

/* Begin PBXNativeTarget section */
		403CD3CE2B7CF40A00E511FF /* OpenWebAppsWidgetExtension */ = {
			isa = PBXNativeTarget;
			buildConfigurationList = 403CD3E32B7CF40B00E511FF /* Build configuration list for PBXNativeTarget "OpenWebAppsWidgetExtension" */;
			buildPhases = (
				403CD3CB2B7CF40A00E511FF /* Sources */,
				403CD3CC2B7CF40A00E511FF /* Frameworks */,
				403CD3CD2B7CF40A00E511FF /* Resources */,
			);
			buildRules = (
			);
			dependencies = (
			);
			name = OpenWebAppsWidgetExtension;
			packageProductDependencies = (
			);
			productName = OpenWebAppsWidgetExtension;
			productReference = 403CD3CF2B7CF40A00E511FF /* OpenWebAppsWidgetExtension.appex */;
			productType = "com.apple.product-type.app-extension";
		};
		409887A62B7BBE5300848253 /* WebAppify */ = {
			isa = PBXNativeTarget;
			buildConfigurationList = 409887CB2B7BBE5600848253 /* Build configuration list for PBXNativeTarget "WebAppify" */;
			buildPhases = (
				409887A32B7BBE5300848253 /* Sources */,
				409887A42B7BBE5300848253 /* Frameworks */,
				409887A52B7BBE5300848253 /* Resources */,
				409887EB2B7C0FA500848253 /* Embed Foundation Extensions */,
			);
			buildRules = (
			);
			dependencies = (
				409887F92B7C12A900848253 /* PBXTargetDependency */,
				403CD3E12B7CF40B00E511FF /* PBXTargetDependency */,
			);
			name = WebAppify;
			packageProductDependencies = (
				40E2DCF32B7F99FA0000D757 /* FaviconFinder */,
			);
			productName = WebAppify;
			productReference = 409887A72B7BBE5300848253 /* WebAppify.app */;
			productType = "com.apple.product-type.application";
		};
		409887B62B7BBE5600848253 /* WebAppifyTests */ = {
			isa = PBXNativeTarget;
			buildConfigurationList = 409887CE2B7BBE5600848253 /* Build configuration list for PBXNativeTarget "WebAppifyTests" */;
			buildPhases = (
				409887B32B7BBE5600848253 /* Sources */,
				409887B42B7BBE5600848253 /* Frameworks */,
				409887B52B7BBE5600848253 /* Resources */,
			);
			buildRules = (
			);
			dependencies = (
				409887B92B7BBE5600848253 /* PBXTargetDependency */,
			);
			name = WebAppifyTests;
			productName = WebAppifyTests;
			productReference = 409887B72B7BBE5600848253 /* WebAppifyTests.xctest */;
			productType = "com.apple.product-type.bundle.unit-test";
		};
		409887C02B7BBE5600848253 /* WebAppifyUITests */ = {
			isa = PBXNativeTarget;
			buildConfigurationList = 409887D12B7BBE5600848253 /* Build configuration list for PBXNativeTarget "WebAppifyUITests" */;
			buildPhases = (
				409887BD2B7BBE5600848253 /* Sources */,
				409887BE2B7BBE5600848253 /* Frameworks */,
				409887BF2B7BBE5600848253 /* Resources */,
			);
			buildRules = (
			);
			dependencies = (
				409887C32B7BBE5600848253 /* PBXTargetDependency */,
			);
			name = WebAppifyUITests;
			productName = WebAppifyUITests;
			productReference = 409887C12B7BBE5600848253 /* WebAppifyUITests.xctest */;
			productType = "com.apple.product-type.bundle.ui-testing";
		};
		409887EF2B7C12A900848253 /* AddToWebAppify */ = {
			isa = PBXNativeTarget;
			buildConfigurationList = 409887FB2B7C12A900848253 /* Build configuration list for PBXNativeTarget "AddToWebAppify" */;
			buildPhases = (
				409887EC2B7C12A900848253 /* Sources */,
				409887ED2B7C12A900848253 /* Frameworks */,
				409887EE2B7C12A900848253 /* Resources */,
			);
			buildRules = (
			);
			dependencies = (
			);
			name = AddToWebAppify;
			productName = AddToWebAppify;
			productReference = 409887F02B7C12A900848253 /* AddToWebAppify.appex */;
			productType = "com.apple.product-type.app-extension";
		};
/* End PBXNativeTarget section */

/* Begin PBXProject section */
		4098879F2B7BBE5300848253 /* Project object */ = {
			isa = PBXProject;
			attributes = {
				BuildIndependentTargetsInParallel = 1;
				LastSwiftUpdateCheck = 1520;
				LastUpgradeCheck = 1520;
				TargetAttributes = {
					403CD3CE2B7CF40A00E511FF = {
						CreatedOnToolsVersion = 15.2;
					};
					409887A62B7BBE5300848253 = {
						CreatedOnToolsVersion = 15.2;
					};
					409887B62B7BBE5600848253 = {
						CreatedOnToolsVersion = 15.2;
						TestTargetID = 409887A62B7BBE5300848253;
					};
					409887C02B7BBE5600848253 = {
						CreatedOnToolsVersion = 15.2;
						TestTargetID = 409887A62B7BBE5300848253;
					};
					409887EF2B7C12A900848253 = {
						CreatedOnToolsVersion = 15.2;
					};
				};
			};
			buildConfigurationList = 409887A22B7BBE5300848253 /* Build configuration list for PBXProject "WebAppify" */;
			compatibilityVersion = "Xcode 14.0";
			developmentRegion = en;
			hasScannedForEncodings = 0;
			knownRegions = (
				en,
				Base,
			);
			mainGroup = 4098879E2B7BBE5300848253;
			packageReferences = (
				40E2DCF22B7F99FA0000D757 /* XCRemoteSwiftPackageReference "FaviconFinder" */,
			);
			productRefGroup = 409887A82B7BBE5300848253 /* Products */;
			projectDirPath = "";
			projectRoot = "";
			targets = (
				409887A62B7BBE5300848253 /* WebAppify */,
				409887B62B7BBE5600848253 /* WebAppifyTests */,
				409887C02B7BBE5600848253 /* WebAppifyUITests */,
				409887EF2B7C12A900848253 /* AddToWebAppify */,
				403CD3CE2B7CF40A00E511FF /* OpenWebAppsWidgetExtension */,
			);
		};
/* End PBXProject section */

/* Begin PBXResourcesBuildPhase section */
		403CD3CD2B7CF40A00E511FF /* Resources */ = {
			isa = PBXResourcesBuildPhase;
			buildActionMask = 2147483647;
			files = (
				403CD3DE2B7CF40B00E511FF /* Assets.xcassets in Resources */,
			);
			runOnlyForDeploymentPostprocessing = 0;
		};
		409887A52B7BBE5300848253 /* Resources */ = {
			isa = PBXResourcesBuildPhase;
			buildActionMask = 2147483647;
			files = (
				409887B22B7BBE5600848253 /* Preview Assets.xcassets in Resources */,
				409887AF2B7BBE5600848253 /* Assets.xcassets in Resources */,
			);
			runOnlyForDeploymentPostprocessing = 0;
		};
		409887B52B7BBE5600848253 /* Resources */ = {
			isa = PBXResourcesBuildPhase;
			buildActionMask = 2147483647;
			files = (
			);
			runOnlyForDeploymentPostprocessing = 0;
		};
		409887BF2B7BBE5600848253 /* Resources */ = {
			isa = PBXResourcesBuildPhase;
			buildActionMask = 2147483647;
			files = (
			);
			runOnlyForDeploymentPostprocessing = 0;
		};
		409887EE2B7C12A900848253 /* Resources */ = {
			isa = PBXResourcesBuildPhase;
			buildActionMask = 2147483647;
			files = (
			);
			runOnlyForDeploymentPostprocessing = 0;
		};
/* End PBXResourcesBuildPhase section */

/* Begin PBXSourcesBuildPhase section */
		403CD3CB2B7CF40A00E511FF /* Sources */ = {
			isa = PBXSourcesBuildPhase;
			buildActionMask = 2147483647;
			files = (
				403CD3D62B7CF40A00E511FF /* OpenWebAppsWidgetBundle.swift in Sources */,
				403CD3DC2B7CF40A00E511FF /* AppIntent.swift in Sources */,
				403CD3DA2B7CF40A00E511FF /* OpenWebAppsWidget.swift in Sources */,
			);
			runOnlyForDeploymentPostprocessing = 0;
		};
		409887A32B7BBE5300848253 /* Sources */ = {
			isa = PBXSourcesBuildPhase;
			buildActionMask = 2147483647;
			files = (
				409887D82B7BCC5100848253 /* WebData.swift in Sources */,
				40E2DCE72B7E6FEF0000D757 /* ListWebsitesView.swift in Sources */,
				40E2DCF12B7EAB5D0000D757 /* NetworkImage.swift in Sources */,
				409887D52B7BBF1700848253 /* WebView.swift in Sources */,
				409887AD2B7BBE5300848253 /* ContentView.swift in Sources */,
				40E2DCEC2B7E722B0000D757 /* ArrayExtension.swift in Sources */,
				40E2DCEA2B7E703C0000D757 /* WebsiteEntry.swift in Sources */,
				409887AB2B7BBE5300848253 /* WebAppifyApp.swift in Sources */,
			);
			runOnlyForDeploymentPostprocessing = 0;
		};
		409887B32B7BBE5600848253 /* Sources */ = {
			isa = PBXSourcesBuildPhase;
			buildActionMask = 2147483647;
			files = (
				409887BC2B7BBE5600848253 /* WebAppifyTests.swift in Sources */,
			);
			runOnlyForDeploymentPostprocessing = 0;
		};
		409887BD2B7BBE5600848253 /* Sources */ = {
			isa = PBXSourcesBuildPhase;
			buildActionMask = 2147483647;
			files = (
				409887C82B7BBE5600848253 /* WebAppifyUITestsLaunchTests.swift in Sources */,
				409887C62B7BBE5600848253 /* WebAppifyUITests.swift in Sources */,
			);
			runOnlyForDeploymentPostprocessing = 0;
		};
		409887EC2B7C12A900848253 /* Sources */ = {
			isa = PBXSourcesBuildPhase;
			buildActionMask = 2147483647;
			files = (
				409887F32B7C12A900848253 /* ShareViewController.swift in Sources */,
				409887FF2B7C164500848253 /* AddToWebAppifyView.swift in Sources */,
			);
			runOnlyForDeploymentPostprocessing = 0;
		};
/* End PBXSourcesBuildPhase section */

/* Begin PBXTargetDependency section */
		403CD3E12B7CF40B00E511FF /* PBXTargetDependency */ = {
			isa = PBXTargetDependency;
			target = 403CD3CE2B7CF40A00E511FF /* OpenWebAppsWidgetExtension */;
			targetProxy = 403CD3E02B7CF40B00E511FF /* PBXContainerItemProxy */;
		};
		409887B92B7BBE5600848253 /* PBXTargetDependency */ = {
			isa = PBXTargetDependency;
			target = 409887A62B7BBE5300848253 /* WebAppify */;
			targetProxy = 409887B82B7BBE5600848253 /* PBXContainerItemProxy */;
		};
		409887C32B7BBE5600848253 /* PBXTargetDependency */ = {
			isa = PBXTargetDependency;
			target = 409887A62B7BBE5300848253 /* WebAppify */;
			targetProxy = 409887C22B7BBE5600848253 /* PBXContainerItemProxy */;
		};
		409887F92B7C12A900848253 /* PBXTargetDependency */ = {
			isa = PBXTargetDependency;
			target = 409887EF2B7C12A900848253 /* AddToWebAppify */;
			targetProxy = 409887F82B7C12A900848253 /* PBXContainerItemProxy */;
		};
/* End PBXTargetDependency section */

/* Begin XCBuildConfiguration section */
		403CD3E42B7CF40B00E511FF /* Debug */ = {
			isa = XCBuildConfiguration;
			buildSettings = {
				ASSETCATALOG_COMPILER_GLOBAL_ACCENT_COLOR_NAME = AccentColor;
				ASSETCATALOG_COMPILER_WIDGET_BACKGROUND_COLOR_NAME = WidgetBackground;
				CODE_SIGN_STYLE = Automatic;
				CURRENT_PROJECT_VERSION = 1;
				DEVELOPMENT_TEAM = 3NHD65RAH3;
				GENERATE_INFOPLIST_FILE = YES;
				INFOPLIST_FILE = OpenWebAppsWidget/Info.plist;
				INFOPLIST_KEY_CFBundleDisplayName = OpenWebAppsWidget;
				INFOPLIST_KEY_NSHumanReadableCopyright = "";
				LD_RUNPATH_SEARCH_PATHS = (
					"$(inherited)",
					"@executable_path/Frameworks",
					"@executable_path/../../Frameworks",
				);
				MARKETING_VERSION = 1.0;
				PRODUCT_BUNDLE_IDENTIFIER = com.bk.WebAppify.OpenWebAppsWidget;
				PRODUCT_NAME = "$(TARGET_NAME)";
				SKIP_INSTALL = YES;
				SWIFT_EMIT_LOC_STRINGS = YES;
				SWIFT_VERSION = 5.0;
				TARGETED_DEVICE_FAMILY = "1,2";
			};
			name = Debug;
		};
		403CD3E52B7CF40B00E511FF /* Release */ = {
			isa = XCBuildConfiguration;
			buildSettings = {
				ASSETCATALOG_COMPILER_GLOBAL_ACCENT_COLOR_NAME = AccentColor;
				ASSETCATALOG_COMPILER_WIDGET_BACKGROUND_COLOR_NAME = WidgetBackground;
				CODE_SIGN_STYLE = Automatic;
				CURRENT_PROJECT_VERSION = 1;
				DEVELOPMENT_TEAM = 3NHD65RAH3;
				GENERATE_INFOPLIST_FILE = YES;
				INFOPLIST_FILE = OpenWebAppsWidget/Info.plist;
				INFOPLIST_KEY_CFBundleDisplayName = OpenWebAppsWidget;
				INFOPLIST_KEY_NSHumanReadableCopyright = "";
				LD_RUNPATH_SEARCH_PATHS = (
					"$(inherited)",
					"@executable_path/Frameworks",
					"@executable_path/../../Frameworks",
				);
				MARKETING_VERSION = 1.0;
				PRODUCT_BUNDLE_IDENTIFIER = com.bk.WebAppify.OpenWebAppsWidget;
				PRODUCT_NAME = "$(TARGET_NAME)";
				SKIP_INSTALL = YES;
				SWIFT_EMIT_LOC_STRINGS = YES;
				SWIFT_VERSION = 5.0;
				TARGETED_DEVICE_FAMILY = "1,2";
			};
			name = Release;
		};
		409887C92B7BBE5600848253 /* Debug */ = {
			isa = XCBuildConfiguration;
			buildSettings = {
				ALWAYS_SEARCH_USER_PATHS = NO;
				ASSETCATALOG_COMPILER_GENERATE_SWIFT_ASSET_SYMBOL_EXTENSIONS = YES;
				CLANG_ANALYZER_NONNULL = YES;
				CLANG_ANALYZER_NUMBER_OBJECT_CONVERSION = YES_AGGRESSIVE;
				CLANG_CXX_LANGUAGE_STANDARD = "gnu++20";
				CLANG_ENABLE_MODULES = YES;
				CLANG_ENABLE_OBJC_ARC = YES;
				CLANG_ENABLE_OBJC_WEAK = YES;
				CLANG_WARN_BLOCK_CAPTURE_AUTORELEASING = YES;
				CLANG_WARN_BOOL_CONVERSION = YES;
				CLANG_WARN_COMMA = YES;
				CLANG_WARN_CONSTANT_CONVERSION = YES;
				CLANG_WARN_DEPRECATED_OBJC_IMPLEMENTATIONS = YES;
				CLANG_WARN_DIRECT_OBJC_ISA_USAGE = YES_ERROR;
				CLANG_WARN_DOCUMENTATION_COMMENTS = YES;
				CLANG_WARN_EMPTY_BODY = YES;
				CLANG_WARN_ENUM_CONVERSION = YES;
				CLANG_WARN_INFINITE_RECURSION = YES;
				CLANG_WARN_INT_CONVERSION = YES;
				CLANG_WARN_NON_LITERAL_NULL_CONVERSION = YES;
				CLANG_WARN_OBJC_IMPLICIT_RETAIN_SELF = YES;
				CLANG_WARN_OBJC_LITERAL_CONVERSION = YES;
				CLANG_WARN_OBJC_ROOT_CLASS = YES_ERROR;
				CLANG_WARN_QUOTED_INCLUDE_IN_FRAMEWORK_HEADER = YES;
				CLANG_WARN_RANGE_LOOP_ANALYSIS = YES;
				CLANG_WARN_STRICT_PROTOTYPES = YES;
				CLANG_WARN_SUSPICIOUS_MOVE = YES;
				CLANG_WARN_UNGUARDED_AVAILABILITY = YES_AGGRESSIVE;
				CLANG_WARN_UNREACHABLE_CODE = YES;
				CLANG_WARN__DUPLICATE_METHOD_MATCH = YES;
				COPY_PHASE_STRIP = NO;
				DEBUG_INFORMATION_FORMAT = dwarf;
				ENABLE_STRICT_OBJC_MSGSEND = YES;
				ENABLE_TESTABILITY = YES;
				ENABLE_USER_SCRIPT_SANDBOXING = YES;
				GCC_C_LANGUAGE_STANDARD = gnu17;
				GCC_DYNAMIC_NO_PIC = NO;
				GCC_NO_COMMON_BLOCKS = YES;
				GCC_OPTIMIZATION_LEVEL = 0;
				GCC_PREPROCESSOR_DEFINITIONS = (
					"DEBUG=1",
					"$(inherited)",
				);
				GCC_WARN_64_TO_32_BIT_CONVERSION = YES;
				GCC_WARN_ABOUT_RETURN_TYPE = YES_ERROR;
				GCC_WARN_UNDECLARED_SELECTOR = YES;
				GCC_WARN_UNINITIALIZED_AUTOS = YES_AGGRESSIVE;
				GCC_WARN_UNUSED_FUNCTION = YES;
				GCC_WARN_UNUSED_VARIABLE = YES;
				IPHONEOS_DEPLOYMENT_TARGET = 17.2;
				LOCALIZATION_PREFERS_STRING_CATALOGS = YES;
				MTL_ENABLE_DEBUG_INFO = INCLUDE_SOURCE;
				MTL_FAST_MATH = YES;
				ONLY_ACTIVE_ARCH = YES;
				SDKROOT = iphoneos;
				SWIFT_ACTIVE_COMPILATION_CONDITIONS = "DEBUG $(inherited)";
				SWIFT_OPTIMIZATION_LEVEL = "-Onone";
			};
			name = Debug;
		};
		409887CA2B7BBE5600848253 /* Release */ = {
			isa = XCBuildConfiguration;
			buildSettings = {
				ALWAYS_SEARCH_USER_PATHS = NO;
				ASSETCATALOG_COMPILER_GENERATE_SWIFT_ASSET_SYMBOL_EXTENSIONS = YES;
				CLANG_ANALYZER_NONNULL = YES;
				CLANG_ANALYZER_NUMBER_OBJECT_CONVERSION = YES_AGGRESSIVE;
				CLANG_CXX_LANGUAGE_STANDARD = "gnu++20";
				CLANG_ENABLE_MODULES = YES;
				CLANG_ENABLE_OBJC_ARC = YES;
				CLANG_ENABLE_OBJC_WEAK = YES;
				CLANG_WARN_BLOCK_CAPTURE_AUTORELEASING = YES;
				CLANG_WARN_BOOL_CONVERSION = YES;
				CLANG_WARN_COMMA = YES;
				CLANG_WARN_CONSTANT_CONVERSION = YES;
				CLANG_WARN_DEPRECATED_OBJC_IMPLEMENTATIONS = YES;
				CLANG_WARN_DIRECT_OBJC_ISA_USAGE = YES_ERROR;
				CLANG_WARN_DOCUMENTATION_COMMENTS = YES;
				CLANG_WARN_EMPTY_BODY = YES;
				CLANG_WARN_ENUM_CONVERSION = YES;
				CLANG_WARN_INFINITE_RECURSION = YES;
				CLANG_WARN_INT_CONVERSION = YES;
				CLANG_WARN_NON_LITERAL_NULL_CONVERSION = YES;
				CLANG_WARN_OBJC_IMPLICIT_RETAIN_SELF = YES;
				CLANG_WARN_OBJC_LITERAL_CONVERSION = YES;
				CLANG_WARN_OBJC_ROOT_CLASS = YES_ERROR;
				CLANG_WARN_QUOTED_INCLUDE_IN_FRAMEWORK_HEADER = YES;
				CLANG_WARN_RANGE_LOOP_ANALYSIS = YES;
				CLANG_WARN_STRICT_PROTOTYPES = YES;
				CLANG_WARN_SUSPICIOUS_MOVE = YES;
				CLANG_WARN_UNGUARDED_AVAILABILITY = YES_AGGRESSIVE;
				CLANG_WARN_UNREACHABLE_CODE = YES;
				CLANG_WARN__DUPLICATE_METHOD_MATCH = YES;
				COPY_PHASE_STRIP = NO;
				DEBUG_INFORMATION_FORMAT = "dwarf-with-dsym";
				ENABLE_NS_ASSERTIONS = NO;
				ENABLE_STRICT_OBJC_MSGSEND = YES;
				ENABLE_USER_SCRIPT_SANDBOXING = YES;
				GCC_C_LANGUAGE_STANDARD = gnu17;
				GCC_NO_COMMON_BLOCKS = YES;
				GCC_WARN_64_TO_32_BIT_CONVERSION = YES;
				GCC_WARN_ABOUT_RETURN_TYPE = YES_ERROR;
				GCC_WARN_UNDECLARED_SELECTOR = YES;
				GCC_WARN_UNINITIALIZED_AUTOS = YES_AGGRESSIVE;
				GCC_WARN_UNUSED_FUNCTION = YES;
				GCC_WARN_UNUSED_VARIABLE = YES;
				IPHONEOS_DEPLOYMENT_TARGET = 17.2;
				LOCALIZATION_PREFERS_STRING_CATALOGS = YES;
				MTL_ENABLE_DEBUG_INFO = NO;
				MTL_FAST_MATH = YES;
				SDKROOT = iphoneos;
				SWIFT_COMPILATION_MODE = wholemodule;
				VALIDATE_PRODUCT = YES;
			};
			name = Release;
		};
		409887CC2B7BBE5600848253 /* Debug */ = {
			isa = XCBuildConfiguration;
			buildSettings = {
				ALWAYS_EMBED_SWIFT_STANDARD_LIBRARIES = YES;
				ASSETCATALOG_COMPILER_APPICON_NAME = AppIcon;
				ASSETCATALOG_COMPILER_GLOBAL_ACCENT_COLOR_NAME = AccentColor;
				CODE_SIGN_STYLE = Automatic;
				CURRENT_PROJECT_VERSION = 1;
				DEVELOPMENT_ASSET_PATHS = "\"WebAppify/Preview Content\"";
				DEVELOPMENT_TEAM = 3NHD65RAH3;
				ENABLE_PREVIEWS = YES;
				GENERATE_INFOPLIST_FILE = YES;
				INFOPLIST_FILE = WebAppify/Info.plist;
				INFOPLIST_KEY_UIApplicationSceneManifest_Generation = YES;
				INFOPLIST_KEY_UIApplicationSupportsIndirectInputEvents = YES;
				INFOPLIST_KEY_UILaunchScreen_Generation = YES;
				INFOPLIST_KEY_UISupportedInterfaceOrientations_iPad = "UIInterfaceOrientationPortrait UIInterfaceOrientationPortraitUpsideDown UIInterfaceOrientationLandscapeLeft UIInterfaceOrientationLandscapeRight";
				INFOPLIST_KEY_UISupportedInterfaceOrientations_iPhone = "UIInterfaceOrientationPortrait UIInterfaceOrientationLandscapeLeft UIInterfaceOrientationLandscapeRight";
				LD_RUNPATH_SEARCH_PATHS = (
					"$(inherited)",
					"@executable_path/Frameworks",
				);
				MARKETING_VERSION = 1.0;
				PRODUCT_BUNDLE_IDENTIFIER = com.bk.WebAppify;
				PRODUCT_NAME = "$(TARGET_NAME)";
				SUPPORTED_PLATFORMS = "iphoneos iphonesimulator";
				SUPPORTS_MACCATALYST = NO;
				SUPPORTS_MAC_DESIGNED_FOR_IPHONE_IPAD = NO;
				SUPPORTS_XR_DESIGNED_FOR_IPHONE_IPAD = NO;
				SWIFT_EMIT_LOC_STRINGS = YES;
				SWIFT_VERSION = 5.0;
				TARGETED_DEVICE_FAMILY = "1,2";
			};
			name = Debug;
		};
		409887CD2B7BBE5600848253 /* Release */ = {
			isa = XCBuildConfiguration;
			buildSettings = {
				ALWAYS_EMBED_SWIFT_STANDARD_LIBRARIES = YES;
				ASSETCATALOG_COMPILER_APPICON_NAME = AppIcon;
				ASSETCATALOG_COMPILER_GLOBAL_ACCENT_COLOR_NAME = AccentColor;
				CODE_SIGN_STYLE = Automatic;
				CURRENT_PROJECT_VERSION = 1;
				DEVELOPMENT_ASSET_PATHS = "\"WebAppify/Preview Content\"";
				DEVELOPMENT_TEAM = 3NHD65RAH3;
				ENABLE_PREVIEWS = YES;
				GENERATE_INFOPLIST_FILE = YES;
				INFOPLIST_FILE = WebAppify/Info.plist;
				INFOPLIST_KEY_UIApplicationSceneManifest_Generation = YES;
				INFOPLIST_KEY_UIApplicationSupportsIndirectInputEvents = YES;
				INFOPLIST_KEY_UILaunchScreen_Generation = YES;
				INFOPLIST_KEY_UISupportedInterfaceOrientations_iPad = "UIInterfaceOrientationPortrait UIInterfaceOrientationPortraitUpsideDown UIInterfaceOrientationLandscapeLeft UIInterfaceOrientationLandscapeRight";
				INFOPLIST_KEY_UISupportedInterfaceOrientations_iPhone = "UIInterfaceOrientationPortrait UIInterfaceOrientationLandscapeLeft UIInterfaceOrientationLandscapeRight";
				LD_RUNPATH_SEARCH_PATHS = (
					"$(inherited)",
					"@executable_path/Frameworks",
				);
				MARKETING_VERSION = 1.0;
				PRODUCT_BUNDLE_IDENTIFIER = com.bk.WebAppify;
				PRODUCT_NAME = "$(TARGET_NAME)";
				SUPPORTED_PLATFORMS = "iphoneos iphonesimulator";
				SUPPORTS_MACCATALYST = NO;
				SUPPORTS_MAC_DESIGNED_FOR_IPHONE_IPAD = NO;
				SUPPORTS_XR_DESIGNED_FOR_IPHONE_IPAD = NO;
				SWIFT_EMIT_LOC_STRINGS = YES;
				SWIFT_VERSION = 5.0;
				TARGETED_DEVICE_FAMILY = "1,2";
			};
			name = Release;
		};
		409887CF2B7BBE5600848253 /* Debug */ = {
			isa = XCBuildConfiguration;
			buildSettings = {
				ALWAYS_EMBED_SWIFT_STANDARD_LIBRARIES = YES;
				BUNDLE_LOADER = "$(TEST_HOST)";
				CODE_SIGN_STYLE = Automatic;
				CURRENT_PROJECT_VERSION = 1;
				DEVELOPMENT_TEAM = 3NHD65RAH3;
				GENERATE_INFOPLIST_FILE = YES;
				IPHONEOS_DEPLOYMENT_TARGET = 17.2;
				MARKETING_VERSION = 1.0;
				PRODUCT_BUNDLE_IDENTIFIER = com.bk.WebAppifyTests;
				PRODUCT_NAME = "$(TARGET_NAME)";
				SWIFT_EMIT_LOC_STRINGS = NO;
				SWIFT_VERSION = 5.0;
				TARGETED_DEVICE_FAMILY = "1,2";
				TEST_HOST = "$(BUILT_PRODUCTS_DIR)/WebAppify.app/$(BUNDLE_EXECUTABLE_FOLDER_PATH)/WebAppify";
			};
			name = Debug;
		};
		409887D02B7BBE5600848253 /* Release */ = {
			isa = XCBuildConfiguration;
			buildSettings = {
				ALWAYS_EMBED_SWIFT_STANDARD_LIBRARIES = YES;
				BUNDLE_LOADER = "$(TEST_HOST)";
				CODE_SIGN_STYLE = Automatic;
				CURRENT_PROJECT_VERSION = 1;
				DEVELOPMENT_TEAM = 3NHD65RAH3;
				GENERATE_INFOPLIST_FILE = YES;
				IPHONEOS_DEPLOYMENT_TARGET = 17.2;
				MARKETING_VERSION = 1.0;
				PRODUCT_BUNDLE_IDENTIFIER = com.bk.WebAppifyTests;
				PRODUCT_NAME = "$(TARGET_NAME)";
				SWIFT_EMIT_LOC_STRINGS = NO;
				SWIFT_VERSION = 5.0;
				TARGETED_DEVICE_FAMILY = "1,2";
				TEST_HOST = "$(BUILT_PRODUCTS_DIR)/WebAppify.app/$(BUNDLE_EXECUTABLE_FOLDER_PATH)/WebAppify";
			};
			name = Release;
		};
		409887D22B7BBE5600848253 /* Debug */ = {
			isa = XCBuildConfiguration;
			buildSettings = {
				ALWAYS_EMBED_SWIFT_STANDARD_LIBRARIES = YES;
				CODE_SIGN_STYLE = Automatic;
				CURRENT_PROJECT_VERSION = 1;
				DEVELOPMENT_TEAM = 3NHD65RAH3;
				GENERATE_INFOPLIST_FILE = YES;
				MARKETING_VERSION = 1.0;
				PRODUCT_BUNDLE_IDENTIFIER = com.bk.WebAppifyUITests;
				PRODUCT_NAME = "$(TARGET_NAME)";
				SWIFT_EMIT_LOC_STRINGS = NO;
				SWIFT_VERSION = 5.0;
				TARGETED_DEVICE_FAMILY = "1,2";
				TEST_TARGET_NAME = WebAppify;
			};
			name = Debug;
		};
		409887D32B7BBE5600848253 /* Release */ = {
			isa = XCBuildConfiguration;
			buildSettings = {
				ALWAYS_EMBED_SWIFT_STANDARD_LIBRARIES = YES;
				CODE_SIGN_STYLE = Automatic;
				CURRENT_PROJECT_VERSION = 1;
				DEVELOPMENT_TEAM = 3NHD65RAH3;
				GENERATE_INFOPLIST_FILE = YES;
				MARKETING_VERSION = 1.0;
				PRODUCT_BUNDLE_IDENTIFIER = com.bk.WebAppifyUITests;
				PRODUCT_NAME = "$(TARGET_NAME)";
				SWIFT_EMIT_LOC_STRINGS = NO;
				SWIFT_VERSION = 5.0;
				TARGETED_DEVICE_FAMILY = "1,2";
				TEST_TARGET_NAME = WebAppify;
			};
			name = Release;
		};
		409887FC2B7C12A900848253 /* Debug */ = {
			isa = XCBuildConfiguration;
			buildSettings = {
				CODE_SIGN_STYLE = Automatic;
				CURRENT_PROJECT_VERSION = 1;
				DEVELOPMENT_TEAM = 3NHD65RAH3;
				GENERATE_INFOPLIST_FILE = YES;
				INFOPLIST_FILE = AddToWebAppify/Info.plist;
				INFOPLIST_KEY_CFBundleDisplayName = AddToWebAppify;
				INFOPLIST_KEY_NSHumanReadableCopyright = "";
				LD_RUNPATH_SEARCH_PATHS = (
					"$(inherited)",
					"@executable_path/Frameworks",
					"@executable_path/../../Frameworks",
				);
				MARKETING_VERSION = 1.0;
				PRODUCT_BUNDLE_IDENTIFIER = com.bk.WebAppify.AddToWebAppify;
				PRODUCT_NAME = "$(TARGET_NAME)";
				SKIP_INSTALL = YES;
				SWIFT_EMIT_LOC_STRINGS = YES;
				SWIFT_VERSION = 5.0;
				TARGETED_DEVICE_FAMILY = "1,2";
			};
			name = Debug;
		};
		409887FD2B7C12A900848253 /* Release */ = {
			isa = XCBuildConfiguration;
			buildSettings = {
				CODE_SIGN_STYLE = Automatic;
				CURRENT_PROJECT_VERSION = 1;
				DEVELOPMENT_TEAM = 3NHD65RAH3;
				GENERATE_INFOPLIST_FILE = YES;
				INFOPLIST_FILE = AddToWebAppify/Info.plist;
				INFOPLIST_KEY_CFBundleDisplayName = AddToWebAppify;
				INFOPLIST_KEY_NSHumanReadableCopyright = "";
				LD_RUNPATH_SEARCH_PATHS = (
					"$(inherited)",
					"@executable_path/Frameworks",
					"@executable_path/../../Frameworks",
				);
				MARKETING_VERSION = 1.0;
				PRODUCT_BUNDLE_IDENTIFIER = com.bk.WebAppify.AddToWebAppify;
				PRODUCT_NAME = "$(TARGET_NAME)";
				SKIP_INSTALL = YES;
				SWIFT_EMIT_LOC_STRINGS = YES;
				SWIFT_VERSION = 5.0;
				TARGETED_DEVICE_FAMILY = "1,2";
			};
			name = Release;
		};
/* End XCBuildConfiguration section */

/* Begin XCConfigurationList section */
		403CD3E32B7CF40B00E511FF /* Build configuration list for PBXNativeTarget "OpenWebAppsWidgetExtension" */ = {
			isa = XCConfigurationList;
			buildConfigurations = (
				403CD3E42B7CF40B00E511FF /* Debug */,
				403CD3E52B7CF40B00E511FF /* Release */,
			);
			defaultConfigurationIsVisible = 0;
			defaultConfigurationName = Release;
		};
		409887A22B7BBE5300848253 /* Build configuration list for PBXProject "WebAppify" */ = {
			isa = XCConfigurationList;
			buildConfigurations = (
				409887C92B7BBE5600848253 /* Debug */,
				409887CA2B7BBE5600848253 /* Release */,
			);
			defaultConfigurationIsVisible = 0;
			defaultConfigurationName = Release;
		};
		409887CB2B7BBE5600848253 /* Build configuration list for PBXNativeTarget "WebAppify" */ = {
			isa = XCConfigurationList;
			buildConfigurations = (
				409887CC2B7BBE5600848253 /* Debug */,
				409887CD2B7BBE5600848253 /* Release */,
			);
			defaultConfigurationIsVisible = 0;
			defaultConfigurationName = Release;
		};
		409887CE2B7BBE5600848253 /* Build configuration list for PBXNativeTarget "WebAppifyTests" */ = {
			isa = XCConfigurationList;
			buildConfigurations = (
				409887CF2B7BBE5600848253 /* Debug */,
				409887D02B7BBE5600848253 /* Release */,
			);
			defaultConfigurationIsVisible = 0;
			defaultConfigurationName = Release;
		};
		409887D12B7BBE5600848253 /* Build configuration list for PBXNativeTarget "WebAppifyUITests" */ = {
			isa = XCConfigurationList;
			buildConfigurations = (
				409887D22B7BBE5600848253 /* Debug */,
				409887D32B7BBE5600848253 /* Release */,
			);
			defaultConfigurationIsVisible = 0;
			defaultConfigurationName = Release;
		};
		409887FB2B7C12A900848253 /* Build configuration list for PBXNativeTarget "AddToWebAppify" */ = {
			isa = XCConfigurationList;
			buildConfigurations = (
				409887FC2B7C12A900848253 /* Debug */,
				409887FD2B7C12A900848253 /* Release */,
			);
			defaultConfigurationIsVisible = 0;
			defaultConfigurationName = Release;
		};
/* End XCConfigurationList section */

/* Begin XCRemoteSwiftPackageReference section */
		40E2DCF22B7F99FA0000D757 /* XCRemoteSwiftPackageReference "FaviconFinder" */ = {
			isa = XCRemoteSwiftPackageReference;
			repositoryURL = "https://github.com/will-lumley/FaviconFinder.git";
			requirement = {
				kind = upToNextMajorVersion;
				minimumVersion = 5.0.0;
			};
		};
/* End XCRemoteSwiftPackageReference section */

/* Begin XCSwiftPackageProductDependency section */
		40E2DCF32B7F99FA0000D757 /* FaviconFinder */ = {
			isa = XCSwiftPackageProductDependency;
			package = 40E2DCF22B7F99FA0000D757 /* XCRemoteSwiftPackageReference "FaviconFinder" */;
			productName = FaviconFinder;
		};
/* End XCSwiftPackageProductDependency section */
	};
	rootObject = 4098879F2B7BBE5300848253 /* Project object */;
}
